// !$*UTF8*$!
{
	archiveVersion = 1;
	classes = {
	};
	objectVersion = 48;
	objects = {

/* Begin PBXBuildFile section */
		F7F927DC2067E8DA0080F5B4 /* AppDelegate.m in Sources */ = {isa = PBXBuildFile; fileRef = F7F927DB2067E8DA0080F5B4 /* AppDelegate.m */; };
		F7F927E42067E8DA0080F5B4 /* Assets.xcassets in Resources */ = {isa = PBXBuildFile; fileRef = F7F927E32067E8DA0080F5B4 /* Assets.xcassets */; };
		F7F927E72067E8DA0080F5B4 /* LaunchScreen.storyboard in Resources */ = {isa = PBXBuildFile; fileRef = F7F927E52067E8DA0080F5B4 /* LaunchScreen.storyboard */; };
		F7F927EA2067E8DA0080F5B4 /* main.m in Sources */ = {isa = PBXBuildFile; fileRef = F7F927E92067E8DA0080F5B4 /* main.m */; };
		F7F927F32067E94D0080F5B4 /* HNHomeViewController.m in Sources */ = {isa = PBXBuildFile; fileRef = F7F927F12067E94D0080F5B4 /* HNHomeViewController.m */; };
		F7F927F42067E94D0080F5B4 /* HNHomeViewController.xib in Resources */ = {isa = PBXBuildFile; fileRef = F7F927F22067E94D0080F5B4 /* HNHomeViewController.xib */; };
		F7F927F82067EDB60080F5B4 /* HNHomeCell.m in Sources */ = {isa = PBXBuildFile; fileRef = F7F927F62067EDB60080F5B4 /* HNHomeCell.m */; };
		F7F927F92067EDB60080F5B4 /* HNHomeCell.xib in Resources */ = {isa = PBXBuildFile; fileRef = F7F927F72067EDB60080F5B4 /* HNHomeCell.xib */; };
/* End PBXBuildFile section */

/* Begin PBXFileReference section */
		F7F927D72067E8DA0080F5B4 /* HNNetworkMD5Demo.app */ = {isa = PBXFileReference; explicitFileType = wrapper.application; includeInIndex = 0; path = HNNetworkMD5Demo.app; sourceTree = BUILT_PRODUCTS_DIR; };
		F7F927DA2067E8DA0080F5B4 /* AppDelegate.h */ = {isa = PBXFileReference; lastKnownFileType = sourcecode.c.h; path = AppDelegate.h; sourceTree = "<group>"; };
		F7F927DB2067E8DA0080F5B4 /* AppDelegate.m */ = {isa = PBXFileReference; lastKnownFileType = sourcecode.c.objc; path = AppDelegate.m; sourceTree = "<group>"; };
		F7F927E32067E8DA0080F5B4 /* Assets.xcassets */ = {isa = PBXFileReference; lastKnownFileType = folder.assetcatalog; path = Assets.xcassets; sourceTree = "<group>"; };
		F7F927E62067E8DA0080F5B4 /* Base */ = {isa = PBXFileReference; lastKnownFileType = file.storyboard; name = Base; path = Base.lproj/LaunchScreen.storyboard; sourceTree = "<group>"; };
		F7F927E82067E8DA0080F5B4 /* Info.plist */ = {isa = PBXFileReference; lastKnownFileType = text.plist.xml; path = Info.plist; sourceTree = "<group>"; };
		F7F927E92067E8DA0080F5B4 /* main.m */ = {isa = PBXFileReference; lastKnownFileType = sourcecode.c.objc; path = main.m; sourceTree = "<group>"; };
		F7F927F02067E94D0080F5B4 /* HNHomeViewController.h */ = {isa = PBXFileReference; lastKnownFileType = sourcecode.c.h; path = HNHomeViewController.h; sourceTree = "<group>"; };
		F7F927F12067E94D0080F5B4 /* HNHomeViewController.m */ = {isa = PBXFileReference; lastKnownFileType = sourcecode.c.objc; path = HNHomeViewController.m; sourceTree = "<group>"; };
		F7F927F22067E94D0080F5B4 /* HNHomeViewController.xib */ = {isa = PBXFileReference; lastKnownFileType = file.xib; path = HNHomeViewController.xib; sourceTree = "<group>"; };
		F7F927F52067EDB60080F5B4 /* HNHomeCell.h */ = {isa = PBXFileReference; lastKnownFileType = sourcecode.c.h; path = HNHomeCell.h; sourceTree = "<group>"; };
		F7F927F62067EDB60080F5B4 /* HNHomeCell.m */ = {isa = PBXFileReference; lastKnownFileType = sourcecode.c.objc; path = HNHomeCell.m; sourceTree = "<group>"; };
		F7F927F72067EDB60080F5B4 /* HNHomeCell.xib */ = {isa = PBXFileReference; lastKnownFileType = file.xib; path = HNHomeCell.xib; sourceTree = "<group>"; };
/* End PBXFileReference section */

/* Begin PBXFrameworksBuildPhase section */
		F7F927D42067E8DA0080F5B4 /* Frameworks */ = {
			isa = PBXFrameworksBuildPhase;
			buildActionMask = 2147483647;
			files = (
			);
			runOnlyForDeploymentPostprocessing = 0;
		};
/* End PBXFrameworksBuildPhase section */

/* Begin PBXGroup section */
		F7F927CE2067E8DA0080F5B4 = {
			isa = PBXGroup;
			children = (
				F7F927D92067E8DA0080F5B4 /* HNNetworkMD5Demo */,
				F7F927D82067E8DA0080F5B4 /* Products */,
			);
			sourceTree = "<group>";
		};
		F7F927D82067E8DA0080F5B4 /* Products */ = {
			isa = PBXGroup;
			children = (
				F7F927D72067E8DA0080F5B4 /* HNNetworkMD5Demo.app */,
			);
			name = Products;
			sourceTree = "<group>";
		};
		F7F927D92067E8DA0080F5B4 /* HNNetworkMD5Demo */ = {
			isa = PBXGroup;
			children = (
				F7F927DA2067E8DA0080F5B4 /* AppDelegate.h */,
				F7F927DB2067E8DA0080F5B4 /* AppDelegate.m */,
				F7F927F02067E94D0080F5B4 /* HNHomeViewController.h */,
				F7F927F12067E94D0080F5B4 /* HNHomeViewController.m */,
				F7F927F22067E94D0080F5B4 /* HNHomeViewController.xib */,
				F7F927F52067EDB60080F5B4 /* HNHomeCell.h */,
				F7F927F62067EDB60080F5B4 /* HNHomeCell.m */,
				F7F927F72067EDB60080F5B4 /* HNHomeCell.xib */,
				F7F927E32067E8DA0080F5B4 /* Assets.xcassets */,
				F7F927E52067E8DA0080F5B4 /* LaunchScreen.storyboard */,
				F7F927E82067E8DA0080F5B4 /* Info.plist */,
				F7F927E92067E8DA0080F5B4 /* main.m */,
			);
			path = HNNetworkMD5Demo;
			sourceTree = "<group>";
		};
/* End PBXGroup section */

/* Begin PBXNativeTarget section */
		F7F927D62067E8DA0080F5B4 /* HNNetworkMD5Demo */ = {
			isa = PBXNativeTarget;
			buildConfigurationList = F7F927ED2067E8DA0080F5B4 /* Build configuration list for PBXNativeTarget "HNNetworkMD5Demo" */;
			buildPhases = (
				F7F927D32067E8DA0080F5B4 /* Sources */,
				F7F927D42067E8DA0080F5B4 /* Frameworks */,
				F7F927D52067E8DA0080F5B4 /* Resources */,
			);
			buildRules = (
			);
			dependencies = (
			);
			name = HNNetworkMD5Demo;
			productName = HNNetworkMD5Demo;
			productReference = F7F927D72067E8DA0080F5B4 /* HNNetworkMD5Demo.app */;
			productType = "com.apple.product-type.application";
		};
/* End PBXNativeTarget section */

/* Begin PBXProject section */
		F7F927CF2067E8DA0080F5B4 /* Project object */ = {
			isa = PBXProject;
			attributes = {
				LastUpgradeCheck = 0920;
				ORGANIZATIONNAME = "深圳市漫萌餐饮管理有限公司";
				TargetAttributes = {
					F7F927D62067E8DA0080F5B4 = {
						CreatedOnToolsVersion = 9.2;
						ProvisioningStyle = Automatic;
					};
				};
			};
			buildConfigurationList = F7F927D22067E8DA0080F5B4 /* Build configuration list for PBXProject "HNNetworkMD5Demo" */;
			compatibilityVersion = "Xcode 8.0";
			developmentRegion = en;
			hasScannedForEncodings = 0;
			knownRegions = (
				en,
				Base,
			);
			mainGroup = F7F927CE2067E8DA0080F5B4;
			productRefGroup = F7F927D82067E8DA0080F5B4 /* Products */;
			projectDirPath = "";
			projectRoot = "";
			targets = (
				F7F927D62067E8DA0080F5B4 /* HNNetworkMD5Demo */,
			);
		};
/* End PBXProject section */

/* Begin PBXResourcesBuildPhase section */
		F7F927D52067E8DA0080F5B4 /* Resources */ = {
			isa = PBXResourcesBuildPhase;
			buildActionMask = 2147483647;
			files = (
				F7F927F42067E94D0080F5B4 /* HNHomeViewController.xib in Resources */,
				F7F927E72067E8DA0080F5B4 /* LaunchScreen.storyboard in Resources */,
				F7F927F92067EDB60080F5B4 /* HNHomeCell.xib in Resources */,
				F7F927E42067E8DA0080F5B4 /* Assets.xcassets in Resources */,
			);
			runOnlyForDeploymentPostprocessing = 0;
		};
/* End PBXResourcesBuildPhase section */

/* Begin PBXSourcesBuildPhase section */
		F7F927D32067E8DA0080F5B4 /* Sources */ = {
			isa = PBXSourcesBuildPhase;
			buildActionMask = 2147483647;
			files = (
				F7F927EA2067E8DA0080F5B4 /* main.m in Sources */,
				F7F927F32067E94D0080F5B4 /* HNHomeViewController.m in Sources */,
				F7F927F82067EDB60080F5B4 /* HNHomeCell.m in Sources */,
				F7F927DC2067E8DA0080F5B4 /* AppDelegate.m in Sources */,
			);
			runOnlyForDeploymentPostprocessing = 0;
		};
/* End PBXSourcesBuildPhase section */

/* Begin PBXVariantGroup section */
		F7F927E52067E8DA0080F5B4 /* LaunchScreen.storyboard */ = {
			isa = PBXVariantGroup;
			children = (
				F7F927E62067E8DA0080F5B4 /* Base */,
			);
			name = LaunchScreen.storyboard;
			sourceTree = "<group>";
		};
/* End PBXVariantGroup section */

/* Begin XCBuildConfiguration section */
		F7F927EB2067E8DA0080F5B4 /* Debug */ = {
			isa = XCBuildConfiguration;
			buildSettings = {
				ALWAYS_SEARCH_USER_PATHS = NO;
				CLANG_ANALYZER_NONNULL = YES;
				CLANG_ANALYZER_NUMBER_OBJECT_CONVERSION = YES_AGGRESSIVE;
				CLANG_CXX_LANGUAGE_STANDARD = "gnu++14";
				CLANG_CXX_LIBRARY = "libc++";
				CLANG_ENABLE_MODULES = YES;
				CLANG_ENABLE_OBJC_ARC = YES;
				CLANG_WARN_BLOCK_CAPTURE_AUTORELEASING = YES;
				CLANG_WARN_BOOL_CONVERSION = YES;
				CLANG_WARN_COMMA = YES;
				CLANG_WARN_CONSTANT_CONVERSION = YES;
				CLANG_WARN_DIRECT_OBJC_ISA_USAGE = YES_ERROR;
				CLANG_WARN_DOCUMENTATION_COMMENTS = YES;
				CLANG_WARN_EMPTY_BODY = YES;
				CLANG_WARN_ENUM_CONVERSION = YES;
				CLANG_WARN_INFINITE_RECURSION = YES;
				CLANG_WARN_INT_CONVERSION = YES;
				CLANG_WARN_NON_LITERAL_NULL_CONVERSION = YES;
				CLANG_WARN_OBJC_LITERAL_CONVERSION = YES;
				CLANG_WARN_OBJC_ROOT_CLASS = YES_ERROR;
				CLANG_WARN_RANGE_LOOP_ANALYSIS = YES;
				CLANG_WARN_STRICT_PROTOTYPES = YES;
				CLANG_WARN_SUSPICIOUS_MOVE = YES;
				CLANG_WARN_UNGUARDED_AVAILABILITY = YES_AGGRESSIVE;
				CLANG_WARN_UNREACHABLE_CODE = YES;
				CLANG_WARN__DUPLICATE_METHOD_MATCH = YES;
				CODE_SIGN_IDENTITY = "iPhone Developer";
				COPY_PHASE_STRIP = NO;
				DEBUG_INFORMATION_FORMAT = dwarf;
				ENABLE_STRICT_OBJC_MSGSEND = YES;
				ENABLE_TESTABILITY = YES;
				GCC_C_LANGUAGE_STANDARD = gnu11;
				GCC_DYNAMIC_NO_PIC = NO;
				GCC_NO_COMMON_BLOCKS = YES;
				GCC_OPTIMIZATION_LEVEL = 0;
				GCC_PREPROCESSOR_DEFINITIONS = (
					"DEBUG=1",
					"$(inherited)",
				);
				GCC_WARN_64_TO_32_BIT_CONVERSION = YES;
				GCC_WARN_ABOUT_RETURN_TYPE = YES_ERROR;
				GCC_WARN_UNDECLARED_SELECTOR = YES;
				GCC_WARN_UNINITIALIZED_AUTOS = YES_AGGRESSIVE;
				GCC_WARN_UNUSED_FUNCTION = YES;
				GCC_WARN_UNUSED_VARIABLE = YES;
				IPHONEOS_DEPLOYMENT_TARGET = 11.2;
				MTL_ENABLE_DEBUG_INFO = YES;
				ONLY_ACTIVE_ARCH = YES;
				SDKROOT = iphoneos;
			};
			name = Debug;
		};
		F7F927EC2067E8DA0080F5B4 /* Release */ = {
			isa = XCBuildConfiguration;
			buildSettings = {
				ALWAYS_SEARCH_USER_PATHS = NO;
				CLANG_ANALYZER_NONNULL = YES;
				CLANG_ANALYZER_NUMBER_OBJECT_CONVERSION = YES_AGGRESSIVE;
				CLANG_CXX_LANGUAGE_STANDARD = "gnu++14";
				CLANG_CXX_LIBRARY = "libc++";
				CLANG_ENABLE_MODULES = YES;
				CLANG_ENABLE_OBJC_ARC = YES;
				CLANG_WARN_BLOCK_CAPTURE_AUTORELEASING = YES;
				CLANG_WARN_BOOL_CONVERSION = YES;
				CLANG_WARN_COMMA = YES;
				CLANG_WARN_CONSTANT_CONVERSION = YES;
				CLANG_WARN_DIRECT_OBJC_ISA_USAGE = YES_ERROR;
				CLANG_WARN_DOCUMENTATION_COMMENTS = YES;
				CLANG_WARN_EMPTY_BODY = YES;
				CLANG_WARN_ENUM_CONVERSION = YES;
				CLANG_WARN_INFINITE_RECURSION = YES;
				CLANG_WARN_INT_CONVERSION = YES;
				CLANG_WARN_NON_LITERAL_NULL_CONVERSION = YES;
				CLANG_WARN_OBJC_LITERAL_CONVERSION = YES;
				CLANG_WARN_OBJC_ROOT_CLASS = YES_ERROR;
				CLANG_WARN_RANGE_LOOP_ANALYSIS = YES;
				CLANG_WARN_STRICT_PROTOTYPES = YES;
				CLANG_WARN_SUSPICIOUS_MOVE = YES;
				CLANG_WARN_UNGUARDED_AVAILABILITY = YES_AGGRESSIVE;
				CLANG_WARN_UNREACHABLE_CODE = YES;
				CLANG_WARN__DUPLICATE_METHOD_MATCH = YES;
				CODE_SIGN_IDENTITY = "iPhone Developer";
				COPY_PHASE_STRIP = NO;
				DEBUG_INFORMATION_FORMAT = "dwarf-with-dsym";
				ENABLE_NS_ASSERTIONS = NO;
				ENABLE_STRICT_OBJC_MSGSEND = YES;
				GCC_C_LANGUAGE_STANDARD = gnu11;
				GCC_NO_COMMON_BLOCKS = YES;
				GCC_WARN_64_TO_32_BIT_CONVERSION = YES;
				GCC_WARN_ABOUT_RETURN_TYPE = YES_ERROR;
				GCC_WARN_UNDECLARED_SELECTOR = YES;
				GCC_WARN_UNINITIALIZED_AUTOS = YES_AGGRESSIVE;
				GCC_WARN_UNUSED_FUNCTION = YES;
				GCC_WARN_UNUSED_VARIABLE = YES;
				IPHONEOS_DEPLOYMENT_TARGET = 11.2;
				MTL_ENABLE_DEBUG_INFO = NO;
				SDKROOT = iphoneos;
				VALIDATE_PRODUCT = YES;
			};
			name = Release;
		};
		F7F927EE2067E8DA0080F5B4 /* Debug */ = {
			isa = XCBuildConfiguration;
			buildSettings = {
				ASSETCATALOG_COMPILER_APPICON_NAME = AppIcon;
				CODE_SIGN_STYLE = Automatic;
				DEVELOPMENT_TEAM = U6PSVPWDS8;
				INFOPLIST_FILE = HNNetworkMD5Demo/Info.plist;
				IPHONEOS_DEPLOYMENT_TARGET = 9.0;
				LD_RUNPATH_SEARCH_PATHS = "$(inherited) @executable_path/Frameworks";
				PRODUCT_BUNDLE_IDENTIFIER = com.manmeng.www.HNNetworkMD5Demo;
				PRODUCT_NAME = "$(TARGET_NAME)";
				TARGETED_DEVICE_FAMILY = "1,2";
			};
			name = Debug;
		};
		F7F927EF2067E8DA0080F5B4 /* Release */ = {
			isa = XCBuildConfiguration;
			buildSettings = {
				ASSETCATALOG_COMPILER_APPICON_NAME = AppIcon;
				CODE_SIGN_STYLE = Automatic;
				DEVELOPMENT_TEAM = U6PSVPWDS8;
				INFOPLIST_FILE = HNNetworkMD5Demo/Info.plist;
				IPHONEOS_DEPLOYMENT_TARGET = 9.0;
				LD_RUNPATH_SEARCH_PATHS = "$(inherited) @executable_path/Frameworks";
				PRODUCT_BUNDLE_IDENTIFIER = com.manmeng.www.HNNetworkMD5Demo;
				PRODUCT_NAME = "$(TARGET_NAME)";
				TARGETED_DEVICE_FAMILY = "1,2";
			};
			name = Release;
		};
/* End XCBuildConfiguration section */

/* Begin XCConfigurationList section */
		F7F927D22067E8DA0080F5B4 /* Build configuration list for PBXProject "HNNetworkMD5Demo" */ = {
			isa = XCConfigurationList;
			buildConfigurations = (
				F7F927EB2067E8DA0080F5B4 /* Debug */,
				F7F927EC2067E8DA0080F5B4 /* Release */,
			);
			defaultConfigurationIsVisible = 0;
			defaultConfigurationName = Release;
		};
		F7F927ED2067E8DA0080F5B4 /* Build configuration list for PBXNativeTarget "HNNetworkMD5Demo" */ = {
			isa = XCConfigurationList;
			buildConfigurations = (
				F7F927EE2067E8DA0080F5B4 /* Debug */,
				F7F927EF2067E8DA0080F5B4 /* Release */,
			);
			defaultConfigurationIsVisible = 0;
			defaultConfigurationName = Release;
		};
/* End XCConfigurationList section */
	};
	rootObject = F7F927CF2067E8DA0080F5B4 /* Project object */;
}
